# THIS IS AN AUTOGENERATED FILE. DO NOT EDIT THIS FILE DIRECTLY.
# yarn lockfile v1


"@ant-design/colors@^3.1.0":
  version "3.1.0"
  resolved "https://registry.npmjs.org/@ant-design/colors/-/colors-3.1.0.tgz#b7e2cc61a4e86d3d109494034acfb1222dacaa3c"
  integrity sha512-Td7g1P53sNFyT4Gya6836e70TrhoVZ+HjZs6mpWIHrxl4/VqsjjOyzj/8ktOuw0lCx+BfYu9UO1CiJ0MoYYfhg==
  dependencies:
    tinycolor2 "^1.4.1"

"@ant-design/compatible@^1.0.4":
  version "1.0.4"
  resolved "https://registry.npmjs.org/@ant-design/compatible/-/compatible-1.0.4.tgz#99c8b5dbc5b05b934c986024547a8cf72c78be87"
  integrity sha512-2mXit0KcpYbIUpjnORR993JMJzwaWhVWKU91LniaQrIvBahlZ+MNmbsS0ods2iM/U36Zu09QP/4Yq3GACSJBwQ==
  dependencies:
    "@ant-design/icons" "^4.0.0"
    classnames "^2.2.6"
    lodash.camelcase "^4.3.0"
    lodash.upperfirst "^4.3.1"
    omit.js "^1.0.2"
    rc-animate "^2.10.2"
    rc-editor-mention "^1.1.13"
    rc-form "^2.4.10"
    rc-util "^4.10.0"

"@ant-design/css-animation@^1.7.2":
  version "1.7.2"
  resolved "https://registry.npmjs.org/@ant-design/css-animation/-/css-animation-1.7.2.tgz#4ee5d2ec0fb7cc0a78b44e1c82628bd4621ac7e3"
  integrity sha512-bvVOe7A+r7lws58B7r+fgnQDK90cV45AXuvGx6i5CCSX1W/M3AJnHsNggDANBxEtWdNdFWcDd5LorB+RdSIlBw==

"@ant-design/icons-svg@^4.0.0":
  version "4.1.0"
  resolved "https://registry.npmjs.org/@ant-design/icons-svg/-/icons-svg-4.1.0.tgz#480b025f4b20ef7fe8f47d4a4846e4fee84ea06c"
  integrity sha512-Fi03PfuUqRs76aI3UWYpP864lkrfPo0hluwGqh7NJdLhvH4iRDc3jbJqZIvRDLHKbXrvAfPPV3+zjUccfFvWOQ==

"@ant-design/icons@^4.0.0", "@ant-design/icons@^4.2.1":
  version "4.2.1"
  resolved "https://registry.npmjs.org/@ant-design/icons/-/icons-4.2.1.tgz#6f3ea5d98ab782072e4e9cbb70f25e4403ae1a6b"
  integrity sha512-245ZI40MOr5GGws+sNSiJIRRoEf/J2xvPSMgwRYf3bv8mVGQZ6XTQI/OMeV16KtiSZ3D+mBKXVYSBz2fhigOXQ==
  dependencies:
    "@ant-design/colors" "^3.1.0"
    "@ant-design/icons-svg" "^4.0.0"
    "@babel/runtime" "^7.10.1"
    classnames "^2.2.6"
    insert-css "^2.0.0"
    rc-util "^5.0.1"

"@ant-design/react-slick@~0.26.1":
  version "0.26.2"
  resolved "https://registry.npmjs.org/@ant-design/react-slick/-/react-slick-0.26.2.tgz#0ca89fe166c5035b0e49649d813663b92f73a90f"
  integrity sha512-6YubL24j/rZl9Oqw9ErsVMdvto6KeZk7To+h1HGvfo8WTpzXmVK/o4nZQzmZK6YDcXnzC8GZv4UwRiRanXdl2w==
  dependencies:
    classnames "^2.2.5"
    json2mq "^0.2.0"
    lodash "^4.17.15"
    resize-observer-polyfill "^1.5.0"

"@babel/runtime@^7.10.1", "@babel/runtime@^7.10.2", "@babel/runtime@^7.8.4":
  version "7.10.3"
  resolved "https://registry.npmjs.org/@babel/runtime/-/runtime-7.10.3.tgz#670d002655a7c366540c67f6fd3342cd09500364"
  integrity sha512-RzGO0RLSdokm9Ipe/YD+7ww8X2Ro79qiXZF3HU9ljrM+qnJmH1Vqth+hbiQZy761LnMJTMitHDuKVYTk3k4dLw==
  dependencies:
    regenerator-runtime "^0.13.4"

"@types/prop-types@*":
  version "15.7.3"
  resolved "https://registry.npmjs.org/@types/prop-types/-/prop-types-15.7.3.tgz#2ab0d5da2e5815f94b0b9d4b95d1e5f243ab2ca7"
  integrity sha512-KfRL3PuHmqQLOG+2tGpRO26Ctg+Cq1E01D2DMriKEATHgWLfeNDmq9e29Q9WIky0dQ3NPkd1mzYH8Lm936Z9qw==

"@types/react@^16.9.41":
  version "16.9.41"
  resolved "https://registry.npmjs.org/@types/react/-/react-16.9.41.tgz#925137ee4d2ff406a0ecf29e8e9237390844002e"
  integrity sha512-6cFei7F7L4wwuM+IND/Q2cV1koQUvJ8iSV+Gwn0c3kvABZ691g7sp3hfEQHOUBJtccl1gPi+EyNjMIl9nGA0ug==
  dependencies:
    "@types/prop-types" "*"
    csstype "^2.2.0"

add-dom-event-listener@^1.1.0:
  version "1.1.0"
  resolved "https://registry.npmjs.org/add-dom-event-listener/-/add-dom-event-listener-1.1.0.tgz#6a92db3a0dd0abc254e095c0f1dc14acbbaae310"
  integrity sha512-WCxx1ixHT0GQU9hb0KI/mhgRQhnU+U3GvwY6ZvVjYq8rsihIGoaIOUbY0yMPBxLH5MDtr0kz3fisWGNcbWW7Jw==
  dependencies:
    object-assign "4.x"

antd@^4.4.0:
  version "4.4.0"
  resolved "https://registry.npmjs.org/antd/-/antd-4.4.0.tgz#10df07ad1bb30d54ffbd45926107f3f399f96e89"
  integrity sha512-/dvQL5YRZabxLalzT5kdyZrmRzUz0zOORsAiqUJiYAwo74L0hDTMfNG6zT+D7RiaYjnaYxISMzRkxaUFoQpZIg==
  dependencies:
    "@ant-design/css-animation" "^1.7.2"
    "@ant-design/icons" "^4.2.1"
    "@ant-design/react-slick" "~0.26.1"
    array-tree-filter "^2.1.0"
    classnames "^2.2.6"
    copy-to-clipboard "^3.2.0"
    lodash "^4.17.13"
    moment "^2.25.3"
    omit.js "^1.0.2"
    raf "^3.4.1"
    rc-animate "~3.1.0"
    rc-cascader "~1.3.0"
    rc-checkbox "~2.2.0"
    rc-collapse "~2.0.0"
    rc-dialog "~8.0.0"
    rc-drawer "~4.1.0"
    rc-dropdown "~3.1.2"
    rc-field-form "~1.5.0"
    rc-input-number "~5.1.0"
    rc-mentions "~1.3.0"
    rc-menu "~8.3.0"
    rc-notification "~4.4.0"
    rc-pagination "~2.4.1"
    rc-picker "~1.10.0"
    rc-progress "~3.0.0"
    rc-rate "~2.8.2"
    rc-resize-observer "^0.2.3"
    rc-select "~11.0.0"
    rc-slider "~9.3.0"
    rc-steps "~4.0.1"
    rc-switch "~3.2.0"
    rc-table "~7.8.0"
    rc-tabs "~11.5.0"
    rc-textarea "~0.2.2"
    rc-tooltip "~4.2.0"
    rc-tree "~3.6.0"
    rc-tree-select "~4.0.2"
    rc-trigger "~4.3.0"
    rc-upload "~3.2.0"
    rc-util "^5.0.1"
    scroll-into-view-if-needed "^2.2.25"
    warning "^4.0.3"

array-tree-filter@^2.1.0:
  version "2.1.0"
  resolved "https://registry.npmjs.org/array-tree-filter/-/array-tree-filter-2.1.0.tgz#873ac00fec83749f255ac8dd083814b4f6329190"
  integrity sha512-4ROwICNlNw/Hqa9v+rk5h22KjmzB1JGTMVKP2AKJBOCgb0yL0ASf0+YvCcLNNwquOHNX48jkeZIJ3a+oOQqKcw==

asap@~2.0.3:
  version "2.0.6"
  resolved "https://registry.npmjs.org/asap/-/asap-2.0.6.tgz#e50347611d7e690943208bbdafebcbc2fb866d46"
  integrity sha1-5QNHYR1+aQlDIIu9r+vLwvuGbUY=

async-validator@^3.0.3:
  version "3.3.0"
  resolved "https://registry.npmjs.org/async-validator/-/async-validator-3.3.0.tgz#1d92193bbe60d6d6c8b246692c7005e9ed14a8ee"
  integrity sha512-cAHGD9EL8aCqWXjnb44q94MWiDFzUo1tMhvLb2WzcpWqGiKugsjWG9cvl+jPgkPca7asNbsBU3fa0cwkI/P+Xg==

async-validator@~1.11.3:
  version "1.11.5"
  resolved "https://registry.npmjs.org/async-validator/-/async-validator-1.11.5.tgz#9d43cf49ef6bb76be5442388d19fb9a6e47597ea"
  integrity sha512-XNtCsMAeAH1pdLMEg1z8/Bb3a8cdCbui9QbJATRFHHHW5kT6+NPI3zSVQUXgikTFITzsg+kYY5NTWhM2Orwt9w==

babel-runtime@6.x, babel-runtime@^6.23.0, babel-runtime@^6.26.0:
  version "6.26.0"
  resolved "https://registry.npmjs.org/babel-runtime/-/babel-runtime-6.26.0.tgz#965c7058668e82b55d7bfe04ff2337bc8b5647fe"
  integrity sha1-llxwWGaOgrVde/4E/yM3vItWR/4=
  dependencies:
    core-js "^2.4.0"
    regenerator-runtime "^0.11.0"

classnames@2.x, classnames@^2.2.0, classnames@^2.2.1, classnames@^2.2.3, classnames@^2.2.5, classnames@^2.2.6:
  version "2.2.6"
  resolved "https://registry.npmjs.org/classnames/-/classnames-2.2.6.tgz#43935bffdd291f326dad0a205309b38d00f650ce"
  integrity sha512-JR/iSQOSt+LQIWwrwEzJ9uk0xfN3mTVYMwt1Ir5mUcSN6pU+V4zQFFaJsclJbPuAUQH+yfWef6tm7l1quW3C8Q==

component-classes@^1.2.5:
  version "1.2.6"
  resolved "https://registry.npmjs.org/component-classes/-/component-classes-1.2.6.tgz#c642394c3618a4d8b0b8919efccbbd930e5cd691"
  integrity sha1-xkI5TDYYpNiwuJGe/Mu9kw5c1pE=
  dependencies:
    component-indexof "0.0.3"

component-indexof@0.0.3:
  version "0.0.3"
  resolved "https://registry.npmjs.org/component-indexof/-/component-indexof-0.0.3.tgz#11d091312239eb8f32c8f25ae9cb002ffe8d3c24"
  integrity sha1-EdCRMSI5648yyPJa6csAL/6NPCQ=

compute-scroll-into-view@^1.0.14:
  version "1.0.14"
  resolved "https://registry.npmjs.org/compute-scroll-into-view/-/compute-scroll-into-view-1.0.14.tgz#80e3ebb25d6aa89f42e533956cb4b16a04cfe759"
  integrity sha512-mKDjINe3tc6hGelUMNDzuhorIUZ7kS7BwyY0r2wQd2HOH2tRuJykiC06iSEX8y1TuhNzvz4GcJnK16mM2J1NMQ==

copy-to-clipboard@^3.2.0:
  version "3.3.1"
  resolved "https://registry.npmjs.org/copy-to-clipboard/-/copy-to-clipboard-3.3.1.tgz#115aa1a9998ffab6196f93076ad6da3b913662ae"
  integrity sha512-i13qo6kIHTTpCm8/Wup+0b1mVWETvu2kIMzKoK8FpkLkFxlt0znUAHcMzox+T8sPlqtZXq3CulEjQHsYiGFJUw==
  dependencies:
    toggle-selection "^1.0.6"

core-js@^1.0.0:
  version "1.2.7"
  resolved "https://registry.npmjs.org/core-js/-/core-js-1.2.7.tgz#652294c14651db28fa93bd2d5ff2983a4f08c636"
  integrity sha1-ZSKUwUZR2yj6k70tX/KYOk8IxjY=

core-js@^2.4.0:
  version "2.6.5"
  resolved "https://registry.npmjs.org/core-js/-/core-js-2.6.5.tgz#44bc8d249e7fb2ff5d00e0341a7ffb94fbf67895"
  integrity sha512-klh/kDpwX8hryYL14M9w/xei6vrv6sE8gTHDG7/T/+SEovB/G4ejwcfE/CBzO6Edsu+OETZMZ3wcX/EjUkrl5A==

create-react-class@^15.5.3:
  version "15.6.3"
  resolved "https://registry.npmjs.org/create-react-class/-/create-react-class-15.6.3.tgz#2d73237fb3f970ae6ebe011a9e66f46dbca80036"
  integrity sha512-M+/3Q6E6DLO6Yx3OwrWjwHBnvfXXYA7W+dFjt/ZDBemHO1DDZhsalX/NUtnTYclN6GfnBDRh4qRHjcDHmlJBJg==
  dependencies:
    fbjs "^0.8.9"
    loose-envify "^1.3.1"
    object-assign "^4.1.1"

css-animation@^1.3.2:
  version "1.6.1"
  resolved "https://registry.npmjs.org/css-animation/-/css-animation-1.6.1.tgz#162064a3b0d51f958b7ff37b3d6d4de18e17039e"
  integrity sha512-/48+/BaEaHRY6kNQ2OIPzKf9A6g8WjZYjhiNDNuIVbsm5tXCGIAsHDjB4Xu1C4vXJtUWZo26O68OQkDpNBaPog==
  dependencies:
    babel-runtime "6.x"
    component-classes "^1.2.5"

csstype@^2.2.0:
  version "2.6.10"
  resolved "https://registry.npmjs.org/csstype/-/csstype-2.6.10.tgz#e63af50e66d7c266edb6b32909cfd0aabe03928b"
  integrity sha512-D34BqZU4cIlMCY93rZHbrq9pjTAQJ3U8S8rfBqjwHxkGPThWFjzZDQpgMJY0QViLxth6ZKYiwFBo14RdN44U/w==

dom-align@^1.7.0:
  version "1.8.2"
  resolved "https://registry.npmjs.org/dom-align/-/dom-align-1.8.2.tgz#fdcd36bce25ba8d34fe3582efd57ac767df490bd"
  integrity sha512-17vInOylbB7H4qua7QRsmQT05FFTZemO8BhnOPgF9BPqjAPDyQr/9V8fmJbn05vQ31m2gu3EJSSYN2u94szUZg==

dom-scroll-into-view@1.x, dom-scroll-into-view@^1.2.0:
  version "1.2.1"
  resolved "https://registry.npmjs.org/dom-scroll-into-view/-/dom-scroll-into-view-1.2.1.tgz#e8f36732dd089b0201a88d7815dc3f88e6d66c7e"
  integrity sha1-6PNnMt0ImwIBqI14Fdw/iObWbH4=

draft-js@^0.10.0, draft-js@~0.10.0:
  version "0.10.5"
  resolved "https://registry.npmjs.org/draft-js/-/draft-js-0.10.5.tgz#bfa9beb018fe0533dbb08d6675c371a6b08fa742"
  integrity sha512-LE6jSCV9nkPhfVX2ggcRLA4FKs6zWq9ceuO/88BpXdNCS7mjRTgs0NsV6piUCJX9YxMsB9An33wnkMmU2sD2Zg==
  dependencies:
    fbjs "^0.8.15"
    immutable "~3.7.4"
    object-assign "^4.1.0"

encoding@^0.1.11:
  version "0.1.12"
  resolved "https://registry.npmjs.org/encoding/-/encoding-0.1.12.tgz#538b66f3ee62cd1ab51ec323829d1f9480c74beb"
  integrity sha1-U4tm8+5izRq1HsMjgp0flIDHS+s=
  dependencies:
    iconv-lite "~0.4.13"

fbjs@^0.8.15, fbjs@^0.8.9:
  version "0.8.17"
  resolved "https://registry.npmjs.org/fbjs/-/fbjs-0.8.17.tgz#c4d598ead6949112653d6588b01a5cdcd9f90fdd"
  integrity sha1-xNWY6taUkRJlPWWIsBpc3Nn5D90=
  dependencies:
    core-js "^1.0.0"
    isomorphic-fetch "^2.1.1"
    loose-envify "^1.0.0"
    object-assign "^4.1.0"
    promise "^7.1.1"
    setimmediate "^1.0.5"
    ua-parser-js "^0.7.18"

hoist-non-react-statics@^3.3.0, hoist-non-react-statics@^3.3.2:
  version "3.3.2"
  resolved "https://registry.npmjs.org/hoist-non-react-statics/-/hoist-non-react-statics-3.3.2.tgz#ece0acaf71d62c2969c2ec59feff42a4b1a85b45"
  integrity sha512-/gGivxi8JPKWNm/W0jSmzcMPpfpPLc3dY/6GxhX2hQ9iGj3aDfklV4ET7NjKpSinLpJ5vafa9iiGIEZg10SfBw==
  dependencies:
    react-is "^16.7.0"

iconv-lite@~0.4.13:
  version "0.4.24"
  resolved "https://registry.npmjs.org/iconv-lite/-/iconv-lite-0.4.24.tgz#2022b4b25fbddc21d2f524974a474aafe733908b"
  integrity sha512-v3MXnZAcvnywkTUEZomIActle7RXXeedOR31wwl7VlyoXO4Qi9arvSenNQWne1TcRwhCL1HwLI21bEqdpj8/rA==
  dependencies:
    safer-buffer ">= 2.1.2 < 3"

immutable@^3.7.4:
  version "3.8.2"
  resolved "https://registry.npmjs.org/immutable/-/immutable-3.8.2.tgz#c2439951455bb39913daf281376f1530e104adf3"
  integrity sha1-wkOZUUVbs5kT2vKBN28VMOEErfM=

immutable@~3.7.4:
  version "3.7.6"
  resolved "https://registry.npmjs.org/immutable/-/immutable-3.7.6.tgz#13b4d3cb12befa15482a26fe1b2ebae640071e4b"
  integrity sha1-E7TTyxK++hVIKib+Gy665kAHHks=

insert-css@^2.0.0:
  version "2.0.0"
  resolved "https://registry.npmjs.org/insert-css/-/insert-css-2.0.0.tgz#eb5d1097b7542f4c79ea3060d3aee07d053880f4"
  integrity sha1-610Ql7dUL0x56jBg067gfQU4gPQ=

is-stream@^1.0.1:
  version "1.1.0"
  resolved "https://registry.npmjs.org/is-stream/-/is-stream-1.1.0.tgz#12d4a3dd4e68e0b79ceb8dbc84173ae80d91ca44"
  integrity sha1-EtSj3U5o4Lec6428hBc66A2RykQ=

isomorphic-fetch@^2.1.1:
  version "2.2.1"
  resolved "https://registry.npmjs.org/isomorphic-fetch/-/isomorphic-fetch-2.2.1.tgz#611ae1acf14f5e81f729507472819fe9733558a9"
  integrity sha1-YRrhrPFPXoH3KVB0coGf6XM1WKk=
  dependencies:
    node-fetch "^1.0.1"
    whatwg-fetch ">=0.10.0"

"js-tokens@^3.0.0 || ^4.0.0":
  version "4.0.0"
  resolved "https://registry.npmjs.org/js-tokens/-/js-tokens-4.0.0.tgz#19203fb59991df98e3a287050d4647cdeaf32499"
  integrity sha512-RdJUflcE3cUzKiMqQgsCu06FPu9UdIJO0beYbPhHN4k6apgJtifcoCtT9bcxOpYBtpD2kCM6Sbzg4CausW/PKQ==

json2mq@^0.2.0:
  version "0.2.0"
  resolved "https://registry.npmjs.org/json2mq/-/json2mq-0.2.0.tgz#b637bd3ba9eabe122c83e9720483aeb10d2c904a"
  integrity sha1-tje9O6nqvhIsg+lyBIOusQ0skEo=
  dependencies:
    string-convert "^0.2.0"

lodash.camelcase@^4.3.0:
  version "4.3.0"
  resolved "https://registry.npmjs.org/lodash.camelcase/-/lodash.camelcase-4.3.0.tgz#b28aa6288a2b9fc651035c7711f65ab6190331a6"
  integrity sha1-soqmKIorn8ZRA1x3EfZathkDMaY=

lodash.upperfirst@^4.3.1:
  version "4.3.1"
  resolved "https://registry.npmjs.org/lodash.upperfirst/-/lodash.upperfirst-4.3.1.tgz#1365edf431480481ef0d1c68957a5ed99d49f7ce"
  integrity sha1-E2Xt9DFIBIHvDRxolXpe2Z1J984=

lodash@^4.16.5, lodash@^4.17.13, lodash@^4.17.15, lodash@^4.17.4:
  version "4.17.15"
  resolved "https://registry.npmjs.org/lodash/-/lodash-4.17.15.tgz#b447f6670a0455bbfeedd11392eff330ea097548"
  integrity sha512-8xOcRHvCjnocdS5cpwXQXVzmmh5e5+saE2QGoeQmbKmRS6J3VQppPOIt0MnmE+4xlZoumy0GPG0D0MVIQbNA1A==

loose-envify@^1.0.0, loose-envify@^1.3.1, loose-envify@^1.4.0:
  version "1.4.0"
  resolved "https://registry.npmjs.org/loose-envify/-/loose-envify-1.4.0.tgz#71ee51fa7be4caec1a63839f7e682d8132d30caf"
  integrity sha512-lyuxPGr/Wfhrlem2CL/UcnUc1zcqKAImBDzukY7Y5F/yQiNdko6+fRLevlw1HgMySw7f611UIY408EtxRSoK3Q==
  dependencies:
    js-tokens "^3.0.0 || ^4.0.0"

mini-store@^3.0.1:
  version "3.0.5"
  resolved "https://registry.npmjs.org/mini-store/-/mini-store-3.0.5.tgz#1b3808ee5e8173ecdcbf43b029137e9a72bb9fb8"
  integrity sha512-A7f0+d7TEvjJNY2K+splh2OG3AhmoPoiF3VntlAcJuBzryMumOF9LAVzg8mRJPPbCkz7mlWQg9MCMQPR2auftA==
  dependencies:
    hoist-non-react-statics "^3.3.2"
    shallowequal "^1.0.2"

moment@^2.24.0:
  version "2.24.0"
  resolved "https://registry.npmjs.org/moment/-/moment-2.24.0.tgz#0d055d53f5052aa653c9f6eb68bb5d12bf5c2b5b"
  integrity sha512-bV7f+6l2QigeBBZSM/6yTNq4P2fNpSWj/0e7jQcy87A8e7o2nAfP/34/2ky5Vw4B9S446EtIhodAzkFCcR4dQg==

moment@^2.25.3:
  version "2.27.0"
  resolved "https://registry.npmjs.org/moment/-/moment-2.27.0.tgz#8bff4e3e26a236220dfe3e36de756b6ebaa0105d"
  integrity sha512-al0MUK7cpIcglMv3YF13qSgdAIqxHTO7brRtaz3DlSULbqfazqkc5kEjNrLDOM7fsjshoFIihnU8snrP7zUvhQ==

node-fetch@^1.0.1:
  version "1.7.3"
  resolved "https://registry.npmjs.org/node-fetch/-/node-fetch-1.7.3.tgz#980f6f72d85211a5347c6b2bc18c5b84c3eb47ef"
  integrity sha512-NhZ4CsKx7cYm2vSrBAr2PvFOe6sWDf0UYLRqA6svUYg7+/TSfVAu49jYC4BvQ4Sms9SZgdqGBgroqfDhJdTyKQ==
  dependencies:
    encoding "^0.1.11"
    is-stream "^1.0.1"

object-assign@4.x, object-assign@^4.1.0, object-assign@^4.1.1:
  version "4.1.1"
  resolved "https://registry.npmjs.org/object-assign/-/object-assign-4.1.1.tgz#2109adc7965887cfc05cbbd442cac8bfbb360863"
  integrity sha1-IQmtx5ZYh8/AXLvUQsrIv7s2CGM=

omit.js@^1.0.2:
  version "1.0.2"
  resolved "https://registry.npmjs.org/omit.js/-/omit.js-1.0.2.tgz#91a14f0eba84066dfa015bf30e474c47f30bc858"
  integrity sha512-/QPc6G2NS+8d4L/cQhbk6Yit1WTB6Us2g84A7A/1+w9d/eRGHyEqC5kkQtHVoHZ5NFWGG7tUGgrhVZwgZanKrQ==
  dependencies:
    babel-runtime "^6.23.0"

performance-now@^2.1.0:
  version "2.1.0"
  resolved "https://registry.npmjs.org/performance-now/-/performance-now-2.1.0.tgz#6309f4e0e5fa913ec1c69307ae364b4b377c9e7b"
  integrity sha1-Ywn04OX6kT7BxpMHrjZLSzd8nns=

promise@^7.1.1:
  version "7.3.1"
  resolved "https://registry.npmjs.org/promise/-/promise-7.3.1.tgz#064b72602b18f90f29192b8b1bc418ffd1ebd3bf"
  integrity sha512-nolQXZ/4L+bP/UGlkfaIujX9BKxGwmQ9OT4mOt5yvy8iK1h3wqTEJCijzGANTCCl9nWjY41juyAn2K3Q1hLLTg==
  dependencies:
    asap "~2.0.3"

prop-types@15.x, prop-types@^15.5.10, prop-types@^15.5.8:
  version "15.7.2"
  resolved "https://registry.npmjs.org/prop-types/-/prop-types-15.7.2.tgz#52c41e75b8c87e72b9d9360e0206b99dcbffa6c5"
  integrity sha512-8QQikdH7//R2vurIJSutZ1smHYTcLpRWEOlHnzcWHmBYrOGUysKwSsrC89BCiFj3CbrfJ/nXFdJepOVrY1GCHQ==
  dependencies:
    loose-envify "^1.4.0"
    object-assign "^4.1.1"
    react-is "^16.8.1"

raf@^3.4.0, raf@^3.4.1:
  version "3.4.1"
  resolved "https://registry.npmjs.org/raf/-/raf-3.4.1.tgz#0742e99a4a6552f445d73e3ee0328af0ff1ede39"
  integrity sha512-Sq4CW4QhwOHE8ucn6J34MqtZCeWFP2aQSmrlroYgqAV1PjStIhJXxYuTgUIfkEk7zTLjmIjLmU5q+fbD1NnOJA==
  dependencies:
    performance-now "^2.1.0"

rc-align@^4.0.0:
  version "4.0.1"
  resolved "https://registry.npmjs.org/rc-align/-/rc-align-4.0.1.tgz#0566de141a82d9a1923b7672c70bdb19dcde6e23"
  integrity sha512-RQ5Fhxl0LW+zsxbY8dxAcpXdaHkHH2jzRSSpvBTS7G9LMK3T+WRcn4ovjg/eqAESM6TdTx0hfqWF2S1pO75jxQ==
  dependencies:
    "@babel/runtime" "^7.10.1"
    classnames "2.x"
    dom-align "^1.7.0"
    rc-util "^5.0.1"
    resize-observer-polyfill "^1.5.1"

rc-animate@3.x, rc-animate@^3.0.0, rc-animate@^3.1.0, rc-animate@~3.1.0:
  version "3.1.0"
  resolved "https://registry.npmjs.org/rc-animate/-/rc-animate-3.1.0.tgz#051b689c2c7194e4c8ae016d32a0e5f9de6c8baa"
  integrity sha512-8FsM+3B1H+0AyTyGggY6JyVldHTs1CyYT8CfTmG/nGHHXlecvSLeICJhcKgRLjUiQlctNnRtB1rwz79cvBVmrw==
  dependencies:
    "@ant-design/css-animation" "^1.7.2"
    classnames "^2.2.6"
    raf "^3.4.0"
    rc-util "^5.0.1"

rc-animate@^2.10.2, rc-animate@^2.3.0:
  version "2.11.1"
  resolved "https://registry.npmjs.org/rc-animate/-/rc-animate-2.11.1.tgz#2666eeb6f1f2a495a13b2af09e236712278fdb2c"
  integrity sha512-1NyuCGFJG/0Y+9RKh5y/i/AalUCA51opyyS/jO2seELpgymZm2u9QV3xwODwEuzkmeQ1BDPxMLmYLcTJedPlkQ==
  dependencies:
    babel-runtime "6.x"
    classnames "^2.2.6"
    css-animation "^1.3.2"
    prop-types "15.x"
    raf "^3.4.0"
    rc-util "^4.15.3"
    react-lifecycles-compat "^3.0.4"

rc-cascader@~1.3.0:
  version "1.3.0"
  resolved "https://registry.npmjs.org/rc-cascader/-/rc-cascader-1.3.0.tgz#67925c7ac4b732fe06cabb3a9c91631c96d04ccf"
  integrity sha512-wayuMo/dSZixvdpiRFZB4Q6A3omKRXQcJ3CxN02+PNiTEcRnK2KDqKUzrx7GwgMsyH5tz90lUZ91lLaEPNFv0A==
  dependencies:
    array-tree-filter "^2.1.0"
    rc-trigger "^4.0.0"
    rc-util "^5.0.1"
    warning "^4.0.1"

rc-checkbox@~2.2.0:
  version "2.2.0"
  resolved "https://registry.npmjs.org/rc-checkbox/-/rc-checkbox-2.2.0.tgz#a0ce95c34f05e0eb882664174518cd4baa36dce9"
  integrity sha512-Wjh/nutLA8iIPTT1P9I9KOqlUblVe+CWa3SxMibFySnLyYbMxKNtPhwNcbADPOqzNU0AsCntTduNeJg1n0B5fg==
  dependencies:
    babel-runtime "^6.23.0"
    classnames "2.x"

rc-collapse@~2.0.0:
  version "2.0.0"
  resolved "https://registry.npmjs.org/rc-collapse/-/rc-collapse-2.0.0.tgz#08c5942f82005b4342ced02d983581e4c41cd324"
  integrity sha512-R5+Ge1uzwK9G1wZPRPhqQsed4FXTDmU0BKzsqfNBtZdk/wd+yey8ZutmJmSozYc5hQwjPkCvJHV7gOIRZKIlJg==
  dependencies:
    "@ant-design/css-animation" "^1.7.2"
    classnames "2.x"
    rc-animate "3.x"
    react-is "^16.7.0"
    shallowequal "^1.1.0"

rc-dialog@~8.0.0:
  version "8.0.1"
  resolved "https://registry.npmjs.org/rc-dialog/-/rc-dialog-8.0.1.tgz#b9265edfc9ac5d75a381bd340bc5e9720572a760"
  integrity sha512-ZOO2F8KHN4Dkpf1KiXNPKFWaLZutIuAhQw+YCafcFrigDv50AxGivoMSC//k4yjcJr3XRQTQMlMsmdAff4dEhw==
  dependencies:
    babel-runtime "6.x"
    rc-animate "3.x"
    rc-util "^5.0.1"

rc-drawer@~4.1.0:
  version "4.1.0"
  resolved "https://registry.npmjs.org/rc-drawer/-/rc-drawer-4.1.0.tgz#d7bf0bc030300b62d282bc04e053b9acad6b08b4"
  integrity sha512-kjeQFngPjdzAFahNIV0EvEBoIKMOnvUsAxpkSPELoD/1DuR4nLafom5ryma+TIxGwkFJ92W6yjsMi1U9aiOTeQ==
  dependencies:
    "@babel/runtime" "^7.10.1"
    classnames "^2.2.6"
    rc-util "^5.0.1"

rc-dropdown@^3.1.0, rc-dropdown@~3.1.2:
  version "3.1.2"
  resolved "https://registry.npmjs.org/rc-dropdown/-/rc-dropdown-3.1.2.tgz#5199bd532ac8519813a347d194ab4b0cee702333"
  integrity sha512-s2W5jqvjTid5DxotGO5FlTBaQWeB+Bu7McQgjB8Ot3Wbl72AIKwLf11+lgbV4mA2vWC1H8DKyn6SW9TKLTi0xg==
  dependencies:
    "@babel/runtime" "^7.10.1"
    classnames "^2.2.6"
    rc-trigger "^4.0.0"

rc-editor-core@~0.8.3:
  version "0.8.10"
  resolved "https://registry.npmjs.org/rc-editor-core/-/rc-editor-core-0.8.10.tgz#6f215bc5df9c33ffa9f6c5b30ca73a7dabe8ab7c"
  integrity sha512-T3aHpeMCIYA1sdAI7ynHHjXy5fqp83uPlD68ovZ0oClTSc3tbHmyCxXlA+Ti4YgmcpCYv7avF6a+TIbAka53kw==
  dependencies:
    babel-runtime "^6.26.0"
    classnames "^2.2.5"
    draft-js "^0.10.0"
    immutable "^3.7.4"
    lodash "^4.16.5"
    prop-types "^15.5.8"
    setimmediate "^1.0.5"

rc-editor-mention@^1.1.13:
  version "1.1.13"
  resolved "https://registry.npmjs.org/rc-editor-mention/-/rc-editor-mention-1.1.13.tgz#9f1cab1065f86b01523840321790c2ab12ac5e8b"
  integrity sha512-3AOmGir91Fi2ogfRRaXLtqlNuIwQpvla7oUnGHS1+3eo7b+fUp5IlKcagqtwUBB5oDNofoySXkLBxzWvSYNp/Q==
  dependencies:
    babel-runtime "^6.23.0"
    classnames "^2.2.5"
    dom-scroll-into-view "^1.2.0"
    draft-js "~0.10.0"
    immutable "~3.7.4"
    prop-types "^15.5.8"
    rc-animate "^2.3.0"
    rc-editor-core "~0.8.3"

rc-field-form@~1.5.0:
  version "1.5.0"
  resolved "https://registry.npmjs.org/rc-field-form/-/rc-field-form-1.5.0.tgz#3c0c7f138c28c2f5c502d5723f2c00513e9f01bb"
  integrity sha512-rub5kOWl/UQpRDWMuvGvwje5LW5veuD/iXbyA0Kak4dO7sHk6Z09Ec7lqKzYTi4dW5urObygyUtUgOavoIx9SA==
  dependencies:
    "@babel/runtime" "^7.8.4"
    async-validator "^3.0.3"
    rc-util "^5.0.0"

rc-form@^2.4.10:
  version "2.4.11"
  resolved "https://registry.npmjs.org/rc-form/-/rc-form-2.4.11.tgz#61ee3ae579259684ae30f2c48f55f0f23a5d3d08"
  integrity sha512-8BL+FNlFLTOY/A5X6tU35GQJLSIpsmqpwn/tFAYQTczXc4dMJ33ggtH248Cum8+LS0jLTsJKG2L4Qp+1CkY+sA==
  dependencies:
    async-validator "~1.11.3"
    babel-runtime "6.x"
    create-react-class "^15.5.3"
    dom-scroll-into-view "1.x"
    hoist-non-react-statics "^3.3.0"
    lodash "^4.17.4"
    rc-util "^4.15.3"
    warning "^4.0.3"

rc-input-number@~5.1.0:
  version "5.1.0"
  resolved "https://registry.npmjs.org/rc-input-number/-/rc-input-number-5.1.0.tgz#64da7d8c24ad0c5603d32faba22fd25733d6f96a"
  integrity sha512-jh27NecKJaqooeK54JLGICgOmITwQ6fh4EW+pEgoD/T1JPFtkBer24q/U62dFEIFP8Jy7oWhxjYMe7LrGTYkHQ==
  dependencies:
    classnames "^2.2.0"
    rc-util "^5.0.1"

rc-mentions@~1.3.0:
  version "1.3.0"
  resolved "https://registry.npmjs.org/rc-mentions/-/rc-mentions-1.3.0.tgz#275807b6beca082d8d7045f67e95443f2f82d2b9"
  integrity sha512-koAnQlg5QqMYtdfesAPHJDMmeQublwcmWtf2FoaiHPvoUCcgbbSmJAQ/iNRBCCUvXiCy+twb8TUSfvXmCRZD0A==
  dependencies:
    "@babel/runtime" "^7.10.1"
    classnames "^2.2.6"
    rc-menu "^8.0.1"
    rc-textarea "^0.2.0"
    rc-trigger "^4.3.0"
    rc-util "^5.0.1"

rc-menu@^8.0.1, rc-menu@^8.2.1, rc-menu@~8.3.0:
  version "8.3.1"
  resolved "https://registry.npmjs.org/rc-menu/-/rc-menu-8.3.1.tgz#1ae8f27792de4734d29d2ec353410881ee65a00c"
  integrity sha512-4LNQ0zIL27yayQu9Xi3QOUB2yEqm5qSFwD9MzB1XnTo1JeLTLy3+D8Bm94rykvnhV6z5MYtalUTnM7ETfjExXQ==
  dependencies:
    "@babel/runtime" "^7.10.1"
    classnames "2.x"
    mini-store "^3.0.1"
    rc-animate "^3.1.0"
    rc-trigger "^4.2.0"
    rc-util "^5.0.1"
    resize-observer-polyfill "^1.5.0"
    shallowequal "^1.1.0"

rc-notification@~4.4.0:
  version "4.4.0"
  resolved "https://registry.npmjs.org/rc-notification/-/rc-notification-4.4.0.tgz#192d082cd6e2995705f43c6929162631c71e3db1"
  integrity sha512-IDeNAFGVeOsy1tv4zNVqMAXB9tianR80ewQbtObaAQfjwAjWfONdqdyjFkEU6nc6UQhSUYA5OcTGb7kwwbnh0g==
  dependencies:
    "@babel/runtime" "^7.10.1"
    classnames "2.x"
    rc-animate "3.x"
    rc-util "^5.0.1"

rc-pagination@~2.4.1:
  version "2.4.1"
  resolved "https://registry.npmjs.org/rc-pagination/-/rc-pagination-2.4.1.tgz#ec0586ee704ce6f024e5aab5f05af948c80a616e"
  integrity sha512-mUPToa3Wv/KuAgOtlEIPxQQgxLO7MBM9YBmztiiwK9QhoXzqil0trSuRzGY7w812pu3o2FRgl/pzvZxW1H0x4Q==
  dependencies:
    "@babel/runtime" "^7.10.1"
    classnames "^2.2.1"

rc-picker@~1.10.0:
  version "1.10.3"
  resolved "https://registry.npmjs.org/rc-picker/-/rc-picker-1.10.3.tgz#de47c26943228300dd77ca6238d3bb5c76dfc0fb"
  integrity sha512-aVXxuJl7Sc/I15+80gtnp6pCVegdxz/lj4VeJ0txw0xuZtoFJ9GDgkhtX3cqXr9XQEOTO5JR4wjuEyS/1TuYRw==
  dependencies:
    "@babel/runtime" "^7.10.1"
    classnames "^2.2.1"
    moment "^2.24.0"
    rc-trigger "^4.0.0"
    rc-util "^5.0.1"
    shallowequal "^1.1.0"

rc-progress@~3.0.0:
  version "3.0.0"
  resolved "https://registry.npmjs.org/rc-progress/-/rc-progress-3.0.0.tgz#cea324ce8fc31421cd815d94a4649a8a29f8f8db"
  integrity sha512-dQv1KU3o6Vay604FMYMF4S0x4GNXAgXf1tbQ1QoxeIeQt4d5fUeB7Ri82YPu+G+aRvH/AtxYAlEcnxyVZ1/4Hw==
  dependencies:
    classnames "^2.2.6"

rc-rate@~2.8.2:
  version "2.8.2"
  resolved "https://registry.npmjs.org/rc-rate/-/rc-rate-2.8.2.tgz#d82d237d74fd4aef3e0581d2700b646cdd1cd8a2"
  integrity sha512-f9T/D+ZwWQrWHkpidpQbnXpnVMGMC4eSRAkwuu88a8Qv1C/9LNc4AErazoh8tpnZBFqq19F3j0Glv+sDgkfEig==
  dependencies:
    "@babel/runtime" "^7.10.1"
    classnames "^2.2.5"
    rc-util "^5.0.1"

rc-resize-observer@^0.2.0, rc-resize-observer@^0.2.1, rc-resize-observer@^0.2.3:
  version "0.2.3"
  resolved "https://registry.npmjs.org/rc-resize-observer/-/rc-resize-observer-0.2.3.tgz#8268284d1766d163240b1682661ae7b59bc4523d"
  integrity sha512-dEPCGX15eRRnu+TNBIGyEghpzE24fTDW8pHdJPJS/kCR3lafFqBLqKzBgZW6pMUuM70/ZDyFQ0Kynx9kWsXRNw==
  dependencies:
    "@babel/runtime" "^7.10.1"
    classnames "^2.2.1"
    rc-util "^5.0.0"
    resize-observer-polyfill "^1.5.1"

rc-select@^11.0.4, rc-select@~11.0.0:
  version "11.0.5"
  resolved "https://registry.npmjs.org/rc-select/-/rc-select-11.0.5.tgz#fd581b737a5e29bed174236e89776662cae454b7"
  integrity sha512-KGlOiduYpZ/7FZFKLZ0LR+ADnOYZWDTu/rSO//38mZ6afaprcRTBp1V0VKTHR71Oxt+Ws/zawM25DuN2FBlFqA==
  dependencies:
    "@babel/runtime" "^7.10.1"
    classnames "2.x"
    rc-animate "^3.0.0"
    rc-trigger "^4.3.0"
    rc-util "^5.0.1"
    rc-virtual-list "^1.1.2"
    warning "^4.0.3"

rc-slider@~9.3.0:
  version "9.3.1"
  resolved "https://registry.npmjs.org/rc-slider/-/rc-slider-9.3.1.tgz#444012f3b4847d592b167a9cee6a1a46779a6ef4"
  integrity sha512-c52PWPyrfJWh28K6dixAm0906L3/4MUIxqrNQA4TLnC/Z+cBNycWJUZoJerpwSOE1HdM3XDwixCsmtFc/7aWlQ==
  dependencies:
    "@babel/runtime" "^7.10.1"
    classnames "^2.2.5"
    rc-tooltip "^4.0.0"
    rc-util "^5.0.0"
    shallowequal "^1.1.0"

rc-steps@~4.0.1:
  version "4.0.1"
  resolved "https://registry.npmjs.org/rc-steps/-/rc-steps-4.0.1.tgz#a0e52f951b4e370d0cd2df29ae87eb744431d0d1"
  integrity sha512-6MuqunJDIZexZj7v5EcHiOF6Q7Xg53+mcxELiIROhvXatssfLxDESpRZJ3zLquecxRjq5epYt92X8xBJ653itg==
  dependencies:
    "@babel/runtime" "^7.10.2"
    classnames "^2.2.3"
    rc-util "^5.0.1"

rc-switch@~3.2.0:
  version "3.2.0"
  resolved "https://registry.npmjs.org/rc-switch/-/rc-switch-3.2.0.tgz#aa36bb417409ff4cc7d542ec4381cb5d87cfedc1"
  integrity sha512-WQZnRrWZ+KGh4Cd98FpP1ZgvMmebctoHzKAO2n1Xsry1FQBSGgIw4rQJRxET31VS/dR1LIKb5md/k0UzcXXc0g==
  dependencies:
    "@babel/runtime" "^7.10.1"
    classnames "^2.2.1"
    rc-util "^5.0.1"

rc-table@~7.8.0:
  version "7.8.1"
  resolved "https://registry.npmjs.org/rc-table/-/rc-table-7.8.1.tgz#0f7fbc2316f4213048905e73e5354aafe2826ea5"
  integrity sha512-NYjKLMzIjhs/YtpNX629vsj0b13VALujNrIN3IoxlKPu+CwEMKmnD9gvb1/UtwX3Q4VbYJZMv1nAJcaURZpC7w==
  dependencies:
    "@babel/runtime" "^7.10.1"
    classnames "^2.2.5"
    raf "^3.4.1"
    rc-resize-observer "^0.2.0"
    rc-util "^5.0.0"
    shallowequal "^1.1.0"

rc-tabs@~11.5.0:
  version "11.5.1"
  resolved "https://registry.npmjs.org/rc-tabs/-/rc-tabs-11.5.1.tgz#de153295a23337dcaff0322da6e5ac37261218a8"
  integrity sha512-HOXLNCOMYlslHct1+4dPMc62JrGz8YzVORIClJNi9xhEFAGD1yC6lqtgeEQyDVOcorak4LvzuG4uYnczfQmAvA==
  dependencies:
    "@babel/runtime" "^7.10.1"
    classnames "2.x"
    raf "^3.4.1"
    rc-dropdown "^3.1.0"
    rc-menu "^8.2.1"
    rc-resize-observer "^0.2.1"
    rc-trigger "^4.2.1"
    rc-util "^5.0.0"

rc-textarea@^0.2.0, rc-textarea@~0.2.2:
  version "0.2.6"
  resolved "https://registry.npmjs.org/rc-textarea/-/rc-textarea-0.2.6.tgz#7a73c8da108b7593fb7bf40f8c0e945cf196ac80"
  integrity sha512-eCVgLDBe2baurllr9gR9OjcDtMlKvt6hBKIJPbZZjH8BlasjLkpEisO7jdu5TINglZKoEo9nmcF/zh4Kk8o0Aw==
  dependencies:
    "@babel/runtime" "^7.10.1"
    classnames "^2.2.1"
    omit.js "^1.0.2"
    rc-resize-observer "^0.2.3"

rc-tooltip@^4.0.0, rc-tooltip@~4.2.0:
  version "4.2.1"
  resolved "https://registry.npmjs.org/rc-tooltip/-/rc-tooltip-4.2.1.tgz#c1a2d5017ee03a771a9301c0dfdb46dfdf8fef94"
  integrity sha512-oykuaGsHg7RFvPUaxUpxo7ScEqtH61C66x4JUmjlFlSS8gSx2L8JFtfwM1D68SLBxUqGqJObtxj4TED75gQTiA==
  dependencies:
    rc-trigger "^4.2.1"

rc-tree-select@~4.0.2:
  version "4.0.2"
  resolved "https://registry.npmjs.org/rc-tree-select/-/rc-tree-select-4.0.2.tgz#78d0f071145f05b434743dad53ee4c8ebdd0c613"
  integrity sha512-SqV0LgCdeW/YNbsG102eflwGTrg3+OrT2DbJ9MGLqF+luxLbekcOAZzOhcgmsUtI+PademEzcIt3UWhSsjqf1A==
  dependencies:
    "@babel/runtime" "^7.10.1"
    classnames "2.x"
    rc-select "^11.0.4"
    rc-tree "^3.6.0"
    rc-util "^5.0.1"

rc-tree@^3.6.0, rc-tree@~3.6.0:
  version "3.6.0"
  resolved "https://registry.npmjs.org/rc-tree/-/rc-tree-3.6.0.tgz#5b32b70c6323d6bd533c65930294fe652db58e5b"
  integrity sha512-2Hy/F+zWuqF5vFlSqpcVXh9Ik2Dl6/tQcRks5EnK8UwXUOgav4+LVORCtdqy4KX7J94vz7d4xfiyWBye/gO1Xg==
  dependencies:
    "@babel/runtime" "^7.10.1"
    classnames "2.x"
    rc-animate "^3.1.0"
    rc-util "^5.0.0"
    rc-virtual-list "^1.1.0"

rc-trigger@^4.0.0, rc-trigger@^4.2.0, rc-trigger@^4.2.1, rc-trigger@^4.3.0, rc-trigger@~4.3.0:
  version "4.3.0"
  resolved "https://registry.npmjs.org/rc-trigger/-/rc-trigger-4.3.0.tgz#94ea1851d123359716d1dc3030083c015a92ecfb"
  integrity sha512-jnGNzosXmDdivMBjPCYe/AfOXTpJU2/xQ9XukgoXDQEoZq/9lcI1r7eUIfq70WlWpLxlUEqQktiV3hwyy6Nw9g==
  dependencies:
    "@babel/runtime" "^7.10.1"
    classnames "^2.2.6"
    raf "^3.4.1"
    rc-align "^4.0.0"
    rc-animate "^3.0.0"
    rc-util "^5.0.1"

rc-upload@~3.2.0:
  version "3.2.0"
  resolved "https://registry.npmjs.org/rc-upload/-/rc-upload-3.2.0.tgz#251fc3c9105902e808600a414f368f285d63bfba"
  integrity sha512-/vyOGVxl5QVM3ZE7s+GqYPbCLC/Q/vJq0sjdwnvJw01KvAR5kVOC4jbHEaU56dMss7PFGDfNzc8zO5bWYLDzVQ==
  dependencies:
    classnames "^2.2.5"

rc-util@^4.10.0, rc-util@^4.15.3:
  version "4.21.1"
  resolved "https://registry.npmjs.org/rc-util/-/rc-util-4.21.1.tgz#88602d0c3185020aa1053d9a1e70eac161becb05"
  integrity sha512-Z+vlkSQVc1l8O2UjR3WQ+XdWlhj5q9BMQNLk2iOBch75CqPfrJyGtcWMcnhRlNuDu0Ndtt4kLVO8JI8BrABobg==
  dependencies:
    add-dom-event-listener "^1.1.0"
    prop-types "^15.5.10"
    react-is "^16.12.0"
    react-lifecycles-compat "^3.0.4"
    shallowequal "^1.1.0"

rc-util@^5.0.0, rc-util@^5.0.1:
  version "5.0.4"
  resolved "https://registry.npmjs.org/rc-util/-/rc-util-5.0.4.tgz#297bd719b1bd00b3c947a884ab7ef0a07c55dce6"
  integrity sha512-cd19RCrE0DJH6UcJ9+V3eaXA/5sNWyVKOKkWl8ZM2OqgNzVb8fv0obf/TkuvSN43tmTsgqY8k7OqpFYHhmef8g==
  dependencies:
    react-is "^16.12.0"
    shallowequal "^1.1.0"

rc-virtual-list@^1.1.0, rc-virtual-list@^1.1.2:
  version "1.1.5"
  resolved "https://registry.npmjs.org/rc-virtual-list/-/rc-virtual-list-1.1.5.tgz#6edf7222830c7dd732f62698c8468b7f08ac8dec"
  integrity sha512-roZ6HE5MNKaiop+Ic7jZS7xlMnXBLp0XBElsMbE4eEL3GnnnJAet2iXoT5wjKcKMXEVyVCD0L4yQozmH7+Kgxg==
  dependencies:
    classnames "^2.2.6"
    raf "^3.4.1"
    rc-util "^5.0.0"

react-is@^16.12.0, react-is@^16.8.1:
  version "16.13.1"
  resolved "https://registry.npmjs.org/react-is/-/react-is-16.13.1.tgz#789729a4dc36de2999dc156dd6c1d9c18cea56a4"
  integrity sha512-24e6ynE2H+OKt4kqsOvNd8kBpV65zoxbA4BVsEOB3ARVWQki/DHzaUoC5KuON/BiccDaCCTZBuOcfZs70kR8bQ==

react-is@^16.7.0:
  version "16.8.6"
  resolved "https://registry.npmjs.org/react-is/-/react-is-16.8.6.tgz#5bbc1e2d29141c9fbdfed456343fe2bc430a6a16"
  integrity sha512-aUk3bHfZ2bRSVFFbbeVS4i+lNPZr3/WM5jT2J5omUVV1zzcs1nAaf3l51ctA5FFvCRbhrH0bdAsRRQddFJZPtA==

react-lifecycles-compat@^3.0.4:
  version "3.0.4"
  resolved "https://registry.npmjs.org/react-lifecycles-compat/-/react-lifecycles-compat-3.0.4.tgz#4f1a273afdfc8f3488a8c516bfda78f872352362"
  integrity sha512-fBASbA6LnOU9dOU2eW7aQ8xmYBSXUIWr+UmF9b1efZBazGNO+rcXT/icdKnYm2pTwcRylVUYwW7H1PHfLekVzA==

regenerator-runtime@^0.11.0:
  version "0.11.1"
  resolved "https://registry.npmjs.org/regenerator-runtime/-/regenerator-runtime-0.11.1.tgz#be05ad7f9bf7d22e056f9726cee5017fbf19e2e9"
  integrity sha512-MguG95oij0fC3QV3URf4V2SDYGJhJnJGqvIIgdECeODCT98wSWDAJ94SSuVpYQUoTcGUIL6L4yNB7j1DFFHSBg==

regenerator-runtime@^0.13.4:
  version "0.13.5"
  resolved "https://registry.npmjs.org/regenerator-runtime/-/regenerator-runtime-0.13.5.tgz#d878a1d094b4306d10b9096484b33ebd55e26697"
  integrity sha512-ZS5w8CpKFinUzOwW3c83oPeVXoNsrLsaCoLtJvAClH135j/R77RuymhiSErhm2lKcwSCIpmvIWSbDkIfAqKQlA==

resize-observer-polyfill@^1.5.0, resize-observer-polyfill@^1.5.1:
  version "1.5.1"
  resolved "https://registry.npmjs.org/resize-observer-polyfill/-/resize-observer-polyfill-1.5.1.tgz#0e9020dd3d21024458d4ebd27e23e40269810464"
  integrity sha512-LwZrotdHOo12nQuZlHEmtuXdqGoOD0OhaxopaNFxWzInpEgaLWoVuAMbTzixuosCx2nEG58ngzW3vxdWoxIgdg==

"safer-buffer@>= 2.1.2 < 3":
  version "2.1.2"
  resolved "https://registry.npmjs.org/safer-buffer/-/safer-buffer-2.1.2.tgz#44fa161b0187b9549dd84bb91802f9bd8385cd6a"
  integrity sha512-YZo3K82SD7Riyi0E1EQPojLz7kpepnSQI9IyPbHHg1XXXevb5dJI7tpyN2ADxGcQbHG7vcyRHk0cbwqcQriUtg==

scroll-into-view-if-needed@^2.2.25:
  version "2.2.25"
  resolved "https://registry.npmjs.org/scroll-into-view-if-needed/-/scroll-into-view-if-needed-2.2.25.tgz#117b7bc7c61bc7a2b7872a0984bc73a19bc6e961"
  integrity sha512-C8RKJPq9lK7eubwGpLbUkw3lklcG3Ndjmea2PyauzrA0i4DPlzAmVMGxaZrBFqCrVLfvJmP80IyHnv4jxvg1OQ==
  dependencies:
    compute-scroll-into-view "^1.0.14"

setimmediate@^1.0.5:
  version "1.0.5"
  resolved "https://registry.npmjs.org/setimmediate/-/setimmediate-1.0.5.tgz#290cbb232e306942d7d7ea9b83732ab7856f8285"
  integrity sha1-KQy7Iy4waULX1+qbg3Mqt4VvgoU=

shallowequal@^1.0.2, shallowequal@^1.1.0:
  version "1.1.0"
  resolved "https://registry.npmjs.org/shallowequal/-/shallowequal-1.1.0.tgz#188d521de95b9087404fd4dcb68b13df0ae4e7f8"
  integrity sha512-y0m1JoUZSlPAjXVtPPW70aZWfIL/dSP7AFkRnniLCrK/8MDKog3TySTBmckD+RObVxH0v4Tox67+F14PdED2oQ==

string-convert@^0.2.0:
  version "0.2.1"
  resolved "https://registry.npmjs.org/string-convert/-/string-convert-0.2.1.tgz#6982cc3049fbb4cd85f8b24568b9d9bf39eeff97"
  integrity sha1-aYLMMEn7tM2F+LJFaLnZvznu/5c=

tinycolor2@^1.4.1:
  version "1.4.1"
  resolved "https://registry.npmjs.org/tinycolor2/-/tinycolor2-1.4.1.tgz#f4fad333447bc0b07d4dc8e9209d8f39a8ac77e8"
  integrity sha1-9PrTM0R7wLB9TcjpIJ2POaisd+g=

toggle-selection@^1.0.6:
  version "1.0.6"
  resolved "https://registry.npmjs.org/toggle-selection/-/toggle-selection-1.0.6.tgz#6e45b1263f2017fa0acc7d89d78b15b8bf77da32"
  integrity sha1-bkWxJj8gF/oKzH2J14sVuL932jI=

typescript@^3.9.5:
  version "3.9.5"
  resolved "https://registry.npmjs.org/typescript/-/typescript-3.9.5.tgz#586f0dba300cde8be52dd1ac4f7e1009c1b13f36"
  integrity sha512-hSAifV3k+i6lEoCJ2k6R2Z/rp/H3+8sdmcn5NrS3/3kE7+RyZXm9aqvxWqjEXHAd8b0pShatpcdMTvEdvAJltQ==

ua-parser-js@^0.7.18:
  version "0.7.21"
  resolved "https://registry.npmjs.org/ua-parser-js/-/ua-parser-js-0.7.21.tgz#853cf9ce93f642f67174273cc34565ae6f308777"
  integrity sha512-+O8/qh/Qj8CgC6eYBVBykMrNtp5Gebn4dlGD/kKXVkJNDwyrAwSIqwz8CDf+tsAIWVycKcku6gIXJ0qwx/ZXaQ==

warning@^4.0.1, warning@^4.0.3:
  version "4.0.3"
  resolved "https://registry.npmjs.org/warning/-/warning-4.0.3.tgz#16e9e077eb8a86d6af7d64aa1e05fd85b4678ca3"
  integrity sha512-rpJyN222KWIvHJ/F53XSZv0Zl/accqHR8et1kpaMTD/fLCRxtV8iX8czMzY7sVZupTI3zcUTg8eycS2kNF9l6w==
  dependencies:
    loose-envify "^1.0.0"

whatwg-fetch@>=0.10.0:
  version "3.1.0"
  resolved "https://registry.npmjs.org/whatwg-fetch/-/whatwg-fetch-3.1.0.tgz#49d630cdfa308dba7f2819d49d09364f540dbcc6"
  integrity sha512-pgmbsVWKpH9GxLXZmtdowDIqtb/rvPyjjQv3z9wLcmgWKFHilKnZD3ldgrOlwJoPGOUluQsRPWd52yVkPfmI1A==
